// !$*UTF8*$!
{
	archiveVersion = 1;
	classes = {
	};
	objectVersion = 50;
	objects = {

/* Begin PBXBuildFile section */
		574D3DFA22A01E16003A92A3 /* AppDelegate.swift in Sources */ = {isa = PBXBuildFile; fileRef = 574D3DF922A01E16003A92A3 /* AppDelegate.swift */; };
		574D3DFC22A01E16003A92A3 /* ViewController.swift in Sources */ = {isa = PBXBuildFile; fileRef = 574D3DFB22A01E16003A92A3 /* ViewController.swift */; };
		574D3DFF22A01E16003A92A3 /* Main.storyboard in Resources */ = {isa = PBXBuildFile; fileRef = 574D3DFD22A01E16003A92A3 /* Main.storyboard */; };
		574D3E0122A01E19003A92A3 /* Assets.xcassets in Resources */ = {isa = PBXBuildFile; fileRef = 574D3E0022A01E19003A92A3 /* Assets.xcassets */; };
		574D3E0422A01E19003A92A3 /* LaunchScreen.storyboard in Resources */ = {isa = PBXBuildFile; fileRef = 574D3E0222A01E19003A92A3 /* LaunchScreen.storyboard */; };
		574D3E0D22A01E4E003A92A3 /* NumbersTextFieldDelegate.swift in Sources */ = {isa = PBXBuildFile; fileRef = 574D3E0C22A01E4E003A92A3 /* NumbersTextFieldDelegate.swift */; };
		574D3E0F22A01E68003A92A3 /* CashTextFieldDelegate.swift in Sources */ = {isa = PBXBuildFile; fileRef = 574D3E0E22A01E68003A92A3 /* CashTextFieldDelegate.swift */; };
		574D3E1122A01E87003A92A3 /* SwitchableTextFieldDelegate.swift in Sources */ = {isa = PBXBuildFile; fileRef = 574D3E1022A01E87003A92A3 /* SwitchableTextFieldDelegate.swift */; };
/* End PBXBuildFile section */

/* Begin PBXFileReference section */
		574D3DF622A01E16003A92A3 /* TextFieldByNevercute.app */ = {isa = PBXFileReference; explicitFileType = wrapper.application; includeInIndex = 0; path = TextFieldByNevercute.app; sourceTree = BUILT_PRODUCTS_DIR; };
		574D3DF922A01E16003A92A3 /* AppDelegate.swift */ = {isa = PBXFileReference; lastKnownFileType = sourcecode.swift; path = AppDelegate.swift; sourceTree = "<group>"; };
		574D3DFB22A01E16003A92A3 /* ViewController.swift */ = {isa = PBXFileReference; lastKnownFileType = sourcecode.swift; path = ViewController.swift; sourceTree = "<group>"; };
		574D3DFE22A01E16003A92A3 /* Base */ = {isa = PBXFileReference; lastKnownFileType = file.storyboard; name = Base; path = Base.lproj/Main.storyboard; sourceTree = "<group>"; };
		574D3E0022A01E19003A92A3 /* Assets.xcassets */ = {isa = PBXFileReference; lastKnownFileType = folder.assetcatalog; path = Assets.xcassets; sourceTree = "<group>"; };
		574D3E0322A01E19003A92A3 /* Base */ = {isa = PBXFileReference; lastKnownFileType = file.storyboard; name = Base; path = Base.lproj/LaunchScreen.storyboard; sourceTree = "<group>"; };
		574D3E0522A01E19003A92A3 /* Info.plist */ = {isa = PBXFileReference; lastKnownFileType = text.plist.xml; path = Info.plist; sourceTree = "<group>"; };
		574D3E0C22A01E4E003A92A3 /* NumbersTextFieldDelegate.swift */ = {isa = PBXFileReference; lastKnownFileType = sourcecode.swift; path = NumbersTextFieldDelegate.swift; sourceTree = "<group>"; };
		574D3E0E22A01E68003A92A3 /* CashTextFieldDelegate.swift */ = {isa = PBXFileReference; lastKnownFileType = sourcecode.swift; path = CashTextFieldDelegate.swift; sourceTree = "<group>"; };
		574D3E1022A01E87003A92A3 /* SwitchableTextFieldDelegate.swift */ = {isa = PBXFileReference; lastKnownFileType = sourcecode.swift; path = SwitchableTextFieldDelegate.swift; sourceTree = "<group>"; };
/* End PBXFileReference section */

/* Begin PBXFrameworksBuildPhase section */
		574D3DF322A01E16003A92A3 /* Frameworks */ = {
			isa = PBXFrameworksBuildPhase;
			buildActionMask = 2147483647;
			files = (
			);
			runOnlyForDeploymentPostprocessing = 0;
		};
/* End PBXFrameworksBuildPhase section */

/* Begin PBXGroup section */
		574D3DED22A01E16003A92A3 = {
			isa = PBXGroup;
			children = (
				574D3DF822A01E16003A92A3 /* TextFieldByNevercute */,
				574D3DF722A01E16003A92A3 /* Products */,
			);
			sourceTree = "<group>";
		};
		574D3DF722A01E16003A92A3 /* Products */ = {
			isa = PBXGroup;
			children = (
				574D3DF622A01E16003A92A3 /* TextFieldByNevercute.app */,
			);
			name = Products;
			sourceTree = "<group>";
		};
		574D3DF822A01E16003A92A3 /* TextFieldByNevercute */ = {
			isa = PBXGroup;
			children = (
				574D3E0B22A01E2C003A92A3 /* delegate */,
				574D3DF922A01E16003A92A3 /* AppDelegate.swift */,
				574D3DFB22A01E16003A92A3 /* ViewController.swift */,
				574D3DFD22A01E16003A92A3 /* Main.storyboard */,
				574D3E0022A01E19003A92A3 /* Assets.xcassets */,
				574D3E0222A01E19003A92A3 /* LaunchScreen.storyboard */,
				574D3E0522A01E19003A92A3 /* Info.plist */,
			);
			path = TextFieldByNevercute;
			sourceTree = "<group>";
		};
		574D3E0B22A01E2C003A92A3 /* delegate */ = {
			isa = PBXGroup;
			children = (
				574D3E0C22A01E4E003A92A3 /* NumbersTextFieldDelegate.swift */,
				574D3E0E22A01E68003A92A3 /* CashTextFieldDelegate.swift */,
				574D3E1022A01E87003A92A3 /* SwitchableTextFieldDelegate.swift */,
			);
			path = delegate;
			sourceTree = "<group>";
		};
/* End PBXGroup section */

/* Begin PBXNativeTarget section */
		574D3DF522A01E16003A92A3 /* TextFieldByNevercute */ = {
			isa = PBXNativeTarget;
			buildConfigurationList = 574D3E0822A01E19003A92A3 /* Build configuration list for PBXNativeTarget "TextFieldByNevercute" */;
			buildPhases = (
				574D3DF222A01E16003A92A3 /* Sources */,
				574D3DF322A01E16003A92A3 /* Frameworks */,
				574D3DF422A01E16003A92A3 /* Resources */,
			);
			buildRules = (
			);
			dependencies = (
			);
			name = TextFieldByNevercute;
			productName = TextFieldByNevercute;
			productReference = 574D3DF622A01E16003A92A3 /* TextFieldByNevercute.app */;
			productType = "com.apple.product-type.application";
		};
/* End PBXNativeTarget section */

/* Begin PBXProject section */
		574D3DEE22A01E16003A92A3 /* Project object */ = {
			isa = PBXProject;
			attributes = {
				LastSwiftUpdateCheck = 1020;
				LastUpgradeCheck = 1020;
				ORGANIZATIONNAME = NEVERCUTE;
				TargetAttributes = {
					574D3DF522A01E16003A92A3 = {
						CreatedOnToolsVersion = 10.2.1;
					};
				};
			};
			buildConfigurationList = 574D3DF122A01E16003A92A3 /* Build configuration list for PBXProject "TextFieldByNevercute" */;
			compatibilityVersion = "Xcode 9.3";
			developmentRegion = en;
			hasScannedForEncodings = 0;
			knownRegions = (
				en,
				Base,
			);
			mainGroup = 574D3DED22A01E16003A92A3;
			productRefGroup = 574D3DF722A01E16003A92A3 /* Products */;
			projectDirPath = "";
			projectRoot = "";
			targets = (
				574D3DF522A01E16003A92A3 /* TextFieldByNevercute */,
			);
		};
/* End PBXProject section */

/* Begin PBXResourcesBuildPhase section */
		574D3DF422A01E16003A92A3 /* Resources */ = {
			isa = PBXResourcesBuildPhase;
			buildActionMask = 2147483647;
			files = (
				574D3E0422A01E19003A92A3 /* LaunchScreen.storyboard in Resources */,
				574D3E0122A01E19003A92A3 /* Assets.xcassets in Resources */,
				574D3DFF22A01E16003A92A3 /* Main.storyboard in Resources */,
			);
			runOnlyForDeploymentPostprocessing = 0;
		};
/* End PBXResourcesBuildPhase section */

/* Begin PBXSourcesBuildPhase section */
		574D3DF222A01E16003A92A3 /* Sources */ = {
			isa = PBXSourcesBuildPhase;
			buildActionMask = 2147483647;
			files = (
				574D3DFC22A01E16003A92A3 /* ViewController.swift in Sources */,
				574D3E1122A01E87003A92A3 /* SwitchableTextFieldDelegate.swift in Sources */,
				574D3E0F22A01E68003A92A3 /* CashTextFieldDelegate.swift in Sources */,
				574D3DFA22A01E16003A92A3 /* AppDelegate.swift in Sources */,
				574D3E0D22A01E4E003A92A3 /* NumbersTextFieldDelegate.swift in Sources */,
			);
			runOnlyForDeploymentPostprocessing = 0;
		};
/* End PBXSourcesBuildPhase section */

/* Begin PBXVariantGroup section */
		574D3DFD22A01E16003A92A3 /* Main.storyboard */ = {
			isa = PBXVariantGroup;
			children = (
				574D3DFE22A01E16003A92A3 /* Base */,
			);
			name = Main.storyboard;
			sourceTree = "<group>";
		};
		574D3E0222A01E19003A92A3 /* LaunchScreen.storyboard */ = {
			isa = PBXVariantGroup;
			children = (
				574D3E0322A01E19003A92A3 /* Base */,
			);
			name = LaunchScreen.storyboard;
			sourceTree = "<group>";
		};
/* End PBXVariantGroup section */

/* Begin XCBuildConfiguration section */
		574D3E0622A01E19003A92A3 /* Debug */ = {
			isa = XCBuildConfiguration;
			buildSettings = {
				ALWAYS_SEARCH_USER_PATHS = NO;
				CLANG_ANALYZER_NONNULL = YES;
				CLANG_ANALYZER_NUMBER_OBJECT_CONVERSION = YES_AGGRESSIVE;
				CLANG_CXX_LANGUAGE_STANDARD = "gnu++14";
				CLANG_CXX_LIBRARY = "libc++";
				CLANG_ENABLE_MODULES = YES;
				CLANG_ENABLE_OBJC_ARC = YES;
				CLANG_ENABLE_OBJC_WEAK = YES;
				CLANG_WARN_BLOCK_CAPTURE_AUTORELEASING = YES;
				CLANG_WARN_BOOL_CONVERSION = YES;
				CLANG_WARN_COMMA = YES;
				CLANG_WARN_CONSTANT_CONVERSION = YES;
				CLANG_WARN_DEPRECATED_OBJC_IMPLEMENTATIONS = YES;
				CLANG_WARN_DIRECT_OBJC_ISA_USAGE = YES_ERROR;
				CLANG_WARN_DOCUMENTATION_COMMENTS = YES;
				CLANG_WARN_EMPTY_BODY = YES;
				CLANG_WARN_ENUM_CONVERSION = YES;
				CLANG_WARN_INFINITE_RECURSION = YES;
				CLANG_WARN_INT_CONVERSION = YES;
				CLANG_WARN_NON_LITERAL_NULL_CONVERSION = YES;
				CLANG_WARN_OBJC_IMPLICIT_RETAIN_SELF = YES;
				CLANG_WARN_OBJC_LITERAL_CONVERSION = YES;
				CLANG_WARN_OBJC_ROOT_CLASS = YES_ERROR;
				CLANG_WARN_RANGE_LOOP_ANALYSIS = YES;
				CLANG_WARN_STRICT_PROTOTYPES = YES;
				CLANG_WARN_SUSPICIOUS_MOVE = YES;
				CLANG_WARN_UNGUARDED_AVAILABILITY = YES_AGGRESSIVE;
				CLANG_WARN_UNREACHABLE_CODE = YES;
				CLANG_WARN__DUPLICATE_METHOD_MATCH = YES;
				CODE_SIGN_IDENTITY = "iPhone Developer";
				COPY_PHASE_STRIP = NO;
				DEBUG_INFORMATION_FORMAT = dwarf;
				ENABLE_STRICT_OBJC_MSGSEND = YES;
				ENABLE_TESTABILITY = YES;
				GCC_C_LANGUAGE_STANDARD = gnu11;
				GCC_DYNAMIC_NO_PIC = NO;
				GCC_NO_COMMON_BLOCKS = YES;
				GCC_OPTIMIZATION_LEVEL = 0;
				GCC_PREPROCESSOR_DEFINITIONS = (
					"DEBUG=1",
					"$(inherited)",
				);
				GCC_WARN_64_TO_32_BIT_CONVERSION = YES;
				GCC_WARN_ABOUT_RETURN_TYPE = YES_ERROR;
				GCC_WARN_UNDECLARED_SELECTOR = YES;
				GCC_WARN_UNINITIALIZED_AUTOS = YES_AGGRESSIVE;
				GCC_WARN_UNUSED_FUNCTION = YES;
				GCC_WARN_UNUSED_VARIABLE = YES;
				IPHONEOS_DEPLOYMENT_TARGET = 12.2;
				MTL_ENABLE_DEBUG_INFO = INCLUDE_SOURCE;
				MTL_FAST_MATH = YES;
				ONLY_ACTIVE_ARCH = YES;
				SDKROOT = iphoneos;
				SWIFT_ACTIVE_COMPILATION_CONDITIONS = DEBUG;
				SWIFT_OPTIMIZATION_LEVEL = "-Onone";
			};
			name = Debug;
		};
		574D3E0722A01E19003A92A3 /* Release */ = {
			isa = XCBuildConfiguration;
			buildSettings = {
				ALWAYS_SEARCH_USER_PATHS = NO;
				CLANG_ANALYZER_NONNULL = YES;
				CLANG_ANALYZER_NUMBER_OBJECT_CONVERSION = YES_AGGRESSIVE;
				CLANG_CXX_LANGUAGE_STANDARD = "gnu++14";
				CLANG_CXX_LIBRARY = "libc++";
				CLANG_ENABLE_MODULES = YES;
				CLANG_ENABLE_OBJC_ARC = YES;
				CLANG_ENABLE_OBJC_WEAK = YES;
				CLANG_WARN_BLOCK_CAPTURE_AUTORELEASING = YES;
				CLANG_WARN_BOOL_CONVERSION = YES;
				CLANG_WARN_COMMA = YES;
				CLANG_WARN_CONSTANT_CONVERSION = YES;
				CLANG_WARN_DEPRECATED_OBJC_IMPLEMENTATIONS = YES;
				CLANG_WARN_DIRECT_OBJC_ISA_USAGE = YES_ERROR;
				CLANG_WARN_DOCUMENTATION_COMMENTS = YES;
				CLANG_WARN_EMPTY_BODY = YES;
				CLANG_WARN_ENUM_CONVERSION = YES;
				CLANG_WARN_INFINITE_RECURSION = YES;
				CLANG_WARN_INT_CONVERSION = YES;
				CLANG_WARN_NON_LITERAL_NULL_CONVERSION = YES;
				CLANG_WARN_OBJC_IMPLICIT_RETAIN_SELF = YES;
				CLANG_WARN_OBJC_LITERAL_CONVERSION = YES;
				CLANG_WARN_OBJC_ROOT_CLASS = YES_ERROR;
				CLANG_WARN_RANGE_LOOP_ANALYSIS = YES;
				CLANG_WARN_STRICT_PROTOTYPES = YES;
				CLANG_WARN_SUSPICIOUS_MOVE = YES;
				CLANG_WARN_UNGUARDED_AVAILABILITY = YES_AGGRESSIVE;
				CLANG_WARN_UNREACHABLE_CODE = YES;
				CLANG_WARN__DUPLICATE_METHOD_MATCH = YES;
				CODE_SIGN_IDENTITY = "iPhone Developer";
				COPY_PHASE_STRIP = NO;
				DEBUG_INFORMATION_FORMAT = "dwarf-with-dsym";
				ENABLE_NS_ASSERTIONS = NO;
				ENABLE_STRICT_OBJC_MSGSEND = YES;
				GCC_C_LANGUAGE_STANDARD = gnu11;
				GCC_NO_COMMON_BLOCKS = YES;
				GCC_WARN_64_TO_32_BIT_CONVERSION = YES;
				GCC_WARN_ABOUT_RETURN_TYPE = YES_ERROR;
				GCC_WARN_UNDECLARED_SELECTOR = YES;
				GCC_WARN_UNINITIALIZED_AUTOS = YES_AGGRESSIVE;
				GCC_WARN_UNUSED_FUNCTION = YES;
				GCC_WARN_UNUSED_VARIABLE = YES;
				IPHONEOS_DEPLOYMENT_TARGET = 12.2;
				MTL_ENABLE_DEBUG_INFO = NO;
				MTL_FAST_MATH = YES;
				SDKROOT = iphoneos;
				SWIFT_COMPILATION_MODE = wholemodule;
				SWIFT_OPTIMIZATION_LEVEL = "-O";
				VALIDATE_PRODUCT = YES;
			};
			name = Release;
		};
		574D3E0922A01E19003A92A3 /* Debug */ = {
			isa = XCBuildConfiguration;
			buildSettings = {
				ASSETCATALOG_COMPILER_APPICON_NAME = AppIcon;
				CODE_SIGN_STYLE = Automatic;
				DEVELOPMENT_TEAM = 5F36LJ5VF5;
				INFOPLIST_FILE = TextFieldByNevercute/Info.plist;
				LD_RUNPATH_SEARCH_PATHS = (
					"$(inherited)",
					"@executable_path/Frameworks",
				);
				PRODUCT_BUNDLE_IDENTIFIER = nevercute.pro.TextFieldByNevercute;
				PRODUCT_NAME = "$(TARGET_NAME)";
				SWIFT_VERSION = 5.0;
				TARGETED_DEVICE_FAMILY = "1,2";
			};
			name = Debug;
		};
		574D3E0A22A01E19003A92A3 /* Release */ = {
			isa = XCBuildConfiguration;
			buildSettings = {
				ASSETCATALOG_COMPILER_APPICON_NAME = AppIcon;
				CODE_SIGN_STYLE = Automatic;
				DEVELOPMENT_TEAM = 5F36LJ5VF5;
				INFOPLIST_FILE = TextFieldByNevercute/Info.plist;
				LD_RUNPATH_SEARCH_PATHS = (
					"$(inherited)",
					"@executable_path/Frameworks",
				);
				PRODUCT_BUNDLE_IDENTIFIER = nevercute.pro.TextFieldByNevercute;
				PRODUCT_NAME = "$(TARGET_NAME)";
				SWIFT_VERSION = 5.0;
				TARGETED_DEVICE_FAMILY = "1,2";
			};
			name = Release;
		};
/* End XCBuildConfiguration section */

/* Begin XCConfigurationList section */
		574D3DF122A01E16003A92A3 /* Build configuration list for PBXProject "TextFieldByNevercute" */ = {
			isa = XCConfigurationList;
			buildConfigurations = (
				574D3E0622A01E19003A92A3 /* Debug */,
				574D3E0722A01E19003A92A3 /* Release */,
			);
			defaultConfigurationIsVisible = 0;
			defaultConfigurationName = Release;
		};
		574D3E0822A01E19003A92A3 /* Build configuration list for PBXNativeTarget "TextFieldByNevercute" */ = {
			isa = XCConfigurationList;
			buildConfigurations = (
				574D3E0922A01E19003A92A3 /* Debug */,
				574D3E0A22A01E19003A92A3 /* Release */,
			);
			defaultConfigurationIsVisible = 0;
			defaultConfigurationName = Release;
		};
/* End XCConfigurationList section */
	};
	rootObject = 574D3DEE22A01E16003A92A3 /* Project object */;
}
